
Microsoft Visual Studio Solution File, Format Version 12.00
# Visual Studio Version 16
VisualStudioVersion = 16.0.32630.194
MinimumVisualStudioVersion = 10.0.40219.1
Project("{FAE04EC0-301F-11D3-BF4B-00C04F79EFBC}") = "TermoThis", "TermoThis.csproj", "{CC6D17C3-74E9-4335-9B7D-61EFCC671B0B}"
EndProject
Global
	GlobalSection(SolutionConfigurationPlatforms) = preSolution
		Debug|Any CPU = Debug|Any CPU
		Release|Any CPU = Release|Any CPU
	EndGlobalSection
	GlobalSection(ProjectConfigurationPlatforms) = postSolution
		{CC6D17C3-74E9-4335-9B7D-61EFCC671B0B}.Debug|Any CPU.ActiveCfg = Debug|Any CPU
		{CC6D17C3-74E9-4335-9B7D-61EFCC671B0B}.Debug|Any CPU.Build.0 = Debug|Any CPU
		{CC6D17C3-74E9-4335-9B7D-61EFCC671B0B}.Release|Any CPU.ActiveCfg = Release|Any CPU
		{CC6D17C3-74E9-4335-9B7D-61EFCC671B0B}.Release|Any CPU.Build.0 = Release|Any CPU
	EndGlobalSection
	GlobalSection(SolutionProperties) = preSolution
		HideSolutionNode = FALSE
	EndGlobalSection
	GlobalSection(ExtensibilityGlobals) = postSolution
		SolutionGuid = {943AF50C-901B-4DF2-BB55-35FF77907922}
	EndGlobalSection
EndGlobal
